// !$*UTF8*$!
{
	archiveVersion = 1;
	classes = {
	};
	objectVersion = 50;
	objects = {

/* Begin PBXBuildFile section */
		3449860F27BB4E54006F5971 /* CoinModel.swift in Sources */ = {isa = PBXBuildFile; fileRef = 3449860E27BB4E53006F5971 /* CoinModel.swift */; };
		3449861127BB52C0006F5971 /* CoinData.swift in Sources */ = {isa = PBXBuildFile; fileRef = 3449861027BB52C0006F5971 /* CoinData.swift */; };
		34F04EA627D65E3900D99D61 /* ByteCoinUITests.swift in Sources */ = {isa = PBXBuildFile; fileRef = 34F04EA527D65E3900D99D61 /* ByteCoinUITests.swift */; };
		34F04EA827D65E3900D99D61 /* ByteCoinUITestsLaunchTests.swift in Sources */ = {isa = PBXBuildFile; fileRef = 34F04EA727D65E3900D99D61 /* ByteCoinUITestsLaunchTests.swift */; };
		ADA8AC092329367100626376 /* AppDelegate.swift in Sources */ = {isa = PBXBuildFile; fileRef = ADA8AC082329367100626376 /* AppDelegate.swift */; };
		ADA8AC0B2329367100626376 /* SceneDelegate.swift in Sources */ = {isa = PBXBuildFile; fileRef = ADA8AC0A2329367100626376 /* SceneDelegate.swift */; };
		ADA8AC0D2329367100626376 /* CoinViewController.swift in Sources */ = {isa = PBXBuildFile; fileRef = ADA8AC0C2329367100626376 /* CoinViewController.swift */; };
		ADA8AC102329367100626376 /* Main.storyboard in Resources */ = {isa = PBXBuildFile; fileRef = ADA8AC0E2329367100626376 /* Main.storyboard */; };
		ADA8AC122329367300626376 /* Assets.xcassets in Resources */ = {isa = PBXBuildFile; fileRef = ADA8AC112329367300626376 /* Assets.xcassets */; };
		ADA8AC152329367300626376 /* LaunchScreen.storyboard in Resources */ = {isa = PBXBuildFile; fileRef = ADA8AC132329367300626376 /* LaunchScreen.storyboard */; };
		ADA8AC202329398300626376 /* CoinManager.swift in Sources */ = {isa = PBXBuildFile; fileRef = ADA8AC1F2329398300626376 /* CoinManager.swift */; };
/* End PBXBuildFile section */

/* Begin PBXContainerItemProxy section */
		34F04EA927D65E3900D99D61 /* PBXContainerItemProxy */ = {
			isa = PBXContainerItemProxy;
			containerPortal = ADA8ABFD2329367100626376 /* Project object */;
			proxyType = 1;
			remoteGlobalIDString = ADA8AC042329367100626376;
			remoteInfo = ByteCoin;
		};
/* End PBXContainerItemProxy section */

/* Begin PBXFileReference section */
		3449860E27BB4E53006F5971 /* CoinModel.swift */ = {isa = PBXFileReference; lastKnownFileType = sourcecode.swift; path = CoinModel.swift; sourceTree = "<group>"; };
		3449861027BB52C0006F5971 /* CoinData.swift */ = {isa = PBXFileReference; lastKnownFileType = sourcecode.swift; path = CoinData.swift; sourceTree = "<group>"; };
		34F04EA327D65E3900D99D61 /* ByteCoinUITests.xctest */ = {isa = PBXFileReference; explicitFileType = wrapper.cfbundle; includeInIndex = 0; path = ByteCoinUITests.xctest; sourceTree = BUILT_PRODUCTS_DIR; };
		34F04EA527D65E3900D99D61 /* ByteCoinUITests.swift */ = {isa = PBXFileReference; lastKnownFileType = sourcecode.swift; path = ByteCoinUITests.swift; sourceTree = "<group>"; };
		34F04EA727D65E3900D99D61 /* ByteCoinUITestsLaunchTests.swift */ = {isa = PBXFileReference; lastKnownFileType = sourcecode.swift; path = ByteCoinUITestsLaunchTests.swift; sourceTree = "<group>"; };
		ADA8AC052329367100626376 /* ByteCoin.app */ = {isa = PBXFileReference; explicitFileType = wrapper.application; includeInIndex = 0; path = ByteCoin.app; sourceTree = BUILT_PRODUCTS_DIR; };
		ADA8AC082329367100626376 /* AppDelegate.swift */ = {isa = PBXFileReference; lastKnownFileType = sourcecode.swift; path = AppDelegate.swift; sourceTree = "<group>"; };
		ADA8AC0A2329367100626376 /* SceneDelegate.swift */ = {isa = PBXFileReference; lastKnownFileType = sourcecode.swift; path = SceneDelegate.swift; sourceTree = "<group>"; };
		ADA8AC0C2329367100626376 /* CoinViewController.swift */ = {isa = PBXFileReference; lastKnownFileType = sourcecode.swift; path = CoinViewController.swift; sourceTree = "<group>"; };
		ADA8AC0F2329367100626376 /* Base */ = {isa = PBXFileReference; lastKnownFileType = file.storyboard; name = Base; path = Base.lproj/Main.storyboard; sourceTree = "<group>"; };
		ADA8AC112329367300626376 /* Assets.xcassets */ = {isa = PBXFileReference; lastKnownFileType = folder.assetcatalog; path = Assets.xcassets; sourceTree = "<group>"; };
		ADA8AC142329367300626376 /* Base */ = {isa = PBXFileReference; lastKnownFileType = file.storyboard; name = Base; path = Base.lproj/LaunchScreen.storyboard; sourceTree = "<group>"; };
		ADA8AC162329367300626376 /* Info.plist */ = {isa = PBXFileReference; lastKnownFileType = text.plist.xml; path = Info.plist; sourceTree = "<group>"; };
		ADA8AC1F2329398300626376 /* CoinManager.swift */ = {isa = PBXFileReference; lastKnownFileType = sourcecode.swift; path = CoinManager.swift; sourceTree = "<group>"; };
/* End PBXFileReference section */

/* Begin PBXFrameworksBuildPhase section */
		34F04EA027D65E3900D99D61 /* Frameworks */ = {
			isa = PBXFrameworksBuildPhase;
			buildActionMask = 2147483647;
			files = (
			);
			runOnlyForDeploymentPostprocessing = 0;
		};
		ADA8AC022329367100626376 /* Frameworks */ = {
			isa = PBXFrameworksBuildPhase;
			buildActionMask = 2147483647;
			files = (
			);
			runOnlyForDeploymentPostprocessing = 0;
		};
/* End PBXFrameworksBuildPhase section */

/* Begin PBXGroup section */
		34F04EA427D65E3900D99D61 /* ByteCoinUITests */ = {
			isa = PBXGroup;
			children = (
				34F04EA527D65E3900D99D61 /* ByteCoinUITests.swift */,
				34F04EA727D65E3900D99D61 /* ByteCoinUITestsLaunchTests.swift */,
			);
			path = ByteCoinUITests;
			sourceTree = "<group>";
		};
		ADA8ABFC2329367100626376 = {
			isa = PBXGroup;
			children = (
				ADA8AC072329367100626376 /* ByteCoin */,
				34F04EA427D65E3900D99D61 /* ByteCoinUITests */,
				ADA8AC062329367100626376 /* Products */,
			);
			sourceTree = "<group>";
		};
		ADA8AC062329367100626376 /* Products */ = {
			isa = PBXGroup;
			children = (
				ADA8AC052329367100626376 /* ByteCoin.app */,
				34F04EA327D65E3900D99D61 /* ByteCoinUITests.xctest */,
			);
			name = Products;
			sourceTree = "<group>";
		};
		ADA8AC072329367100626376 /* ByteCoin */ = {
			isa = PBXGroup;
			children = (
				ADA8AC082329367100626376 /* AppDelegate.swift */,
				ADA8AC0A2329367100626376 /* SceneDelegate.swift */,
				ADA8AC1E2329370F00626376 /* Model */,
				ADA8AC1D2329370700626376 /* Controller */,
				ADA8AC1C232936FE00626376 /* View */,
				ADA8AC112329367300626376 /* Assets.xcassets */,
				ADA8AC132329367300626376 /* LaunchScreen.storyboard */,
				ADA8AC162329367300626376 /* Info.plist */,
			);
			path = ByteCoin;
			sourceTree = "<group>";
		};
		ADA8AC1C232936FE00626376 /* View */ = {
			isa = PBXGroup;
			children = (
				ADA8AC0E2329367100626376 /* Main.storyboard */,
			);
			path = View;
			sourceTree = "<group>";
		};
		ADA8AC1D2329370700626376 /* Controller */ = {
			isa = PBXGroup;
			children = (
				ADA8AC0C2329367100626376 /* CoinViewController.swift */,
			);
			path = Controller;
			sourceTree = "<group>";
		};
		ADA8AC1E2329370F00626376 /* Model */ = {
			isa = PBXGroup;
			children = (
				ADA8AC1F2329398300626376 /* CoinManager.swift */,
				3449861027BB52C0006F5971 /* CoinData.swift */,
				3449860E27BB4E53006F5971 /* CoinModel.swift */,
			);
			path = Model;
			sourceTree = "<group>";
		};
/* End PBXGroup section */

/* Begin PBXNativeTarget section */
		34F04EA227D65E3900D99D61 /* ByteCoinUITests */ = {
			isa = PBXNativeTarget;
			buildConfigurationList = 34F04EAD27D65E3900D99D61 /* Build configuration list for PBXNativeTarget "ByteCoinUITests" */;
			buildPhases = (
				34F04E9F27D65E3900D99D61 /* Sources */,
				34F04EA027D65E3900D99D61 /* Frameworks */,
				34F04EA127D65E3900D99D61 /* Resources */,
			);
			buildRules = (
			);
			dependencies = (
				34F04EAA27D65E3900D99D61 /* PBXTargetDependency */,
			);
			name = ByteCoinUITests;
			productName = ByteCoinUITests;
			productReference = 34F04EA327D65E3900D99D61 /* ByteCoinUITests.xctest */;
			productType = "com.apple.product-type.bundle.ui-testing";
		};
		ADA8AC042329367100626376 /* ByteCoin */ = {
			isa = PBXNativeTarget;
			buildConfigurationList = ADA8AC192329367300626376 /* Build configuration list for PBXNativeTarget "ByteCoin" */;
			buildPhases = (
				ADA8AC012329367100626376 /* Sources */,
				ADA8AC022329367100626376 /* Frameworks */,
				ADA8AC032329367100626376 /* Resources */,
			);
			buildRules = (
			);
			dependencies = (
			);
			name = ByteCoin;
			productName = ByteCoin;
			productReference = ADA8AC052329367100626376 /* ByteCoin.app */;
			productType = "com.apple.product-type.application";
		};
/* End PBXNativeTarget section */

/* Begin PBXProject section */
		ADA8ABFD2329367100626376 /* Project object */ = {
			isa = PBXProject;
			attributes = {
				LastSwiftUpdateCheck = 1320;
				LastUpgradeCheck = 1320;
				ORGANIZATIONNAME = "The App Brewery";
				TargetAttributes = {
					34F04EA227D65E3900D99D61 = {
						CreatedOnToolsVersion = 13.2.1;
						TestTargetID = ADA8AC042329367100626376;
					};
					ADA8AC042329367100626376 = {
						CreatedOnToolsVersion = 11.0;
					};
				};
			};
			buildConfigurationList = ADA8AC002329367100626376 /* Build configuration list for PBXProject "ByteCoin" */;
			compatibilityVersion = "Xcode 9.3";
			developmentRegion = en;
			hasScannedForEncodings = 0;
			knownRegions = (
				en,
				Base,
			);
			mainGroup = ADA8ABFC2329367100626376;
			productRefGroup = ADA8AC062329367100626376 /* Products */;
			projectDirPath = "";
			projectRoot = "";
			targets = (
				ADA8AC042329367100626376 /* ByteCoin */,
				34F04EA227D65E3900D99D61 /* ByteCoinUITests */,
			);
		};
/* End PBXProject section */

/* Begin PBXResourcesBuildPhase section */
		34F04EA127D65E3900D99D61 /* Resources */ = {
			isa = PBXResourcesBuildPhase;
			buildActionMask = 2147483647;
			files = (
			);
			runOnlyForDeploymentPostprocessing = 0;
		};
		ADA8AC032329367100626376 /* Resources */ = {
			isa = PBXResourcesBuildPhase;
			buildActionMask = 2147483647;
			files = (
				ADA8AC152329367300626376 /* LaunchScreen.storyboard in Resources */,
				ADA8AC122329367300626376 /* Assets.xcassets in Resources */,
				ADA8AC102329367100626376 /* Main.storyboard in Resources */,
			);
			runOnlyForDeploymentPostprocessing = 0;
		};
/* End PBXResourcesBuildPhase section */

/* Begin PBXSourcesBuildPhase section */
		34F04E9F27D65E3900D99D61 /* Sources */ = {
			isa = PBXSourcesBuildPhase;
			buildActionMask = 2147483647;
			files = (
				34F04EA827D65E3900D99D61 /* ByteCoinUITestsLaunchTests.swift in Sources */,
				34F04EA627D65E3900D99D61 /* ByteCoinUITests.swift in Sources */,
			);
			runOnlyForDeploymentPostprocessing = 0;
		};
		ADA8AC012329367100626376 /* Sources */ = {
			isa = PBXSourcesBuildPhase;
			buildActionMask = 2147483647;
			files = (
				3449861127BB52C0006F5971 /* CoinData.swift in Sources */,
				3449860F27BB4E54006F5971 /* CoinModel.swift in Sources */,
				ADA8AC202329398300626376 /* CoinManager.swift in Sources */,
				ADA8AC0D2329367100626376 /* CoinViewController.swift in Sources */,
				ADA8AC092329367100626376 /* AppDelegate.swift in Sources */,
				ADA8AC0B2329367100626376 /* SceneDelegate.swift in Sources */,
			);
			runOnlyForDeploymentPostprocessing = 0;
		};
/* End PBXSourcesBuildPhase section */

/* Begin PBXTargetDependency section */
		34F04EAA27D65E3900D99D61 /* PBXTargetDependency */ = {
			isa = PBXTargetDependency;
			target = ADA8AC042329367100626376 /* ByteCoin */;
			targetProxy = 34F04EA927D65E3900D99D61 /* PBXContainerItemProxy */;
		};
/* End PBXTargetDependency section */

/* Begin PBXVariantGroup section */
		ADA8AC0E2329367100626376 /* Main.storyboard */ = {
			isa = PBXVariantGroup;
			children = (
				ADA8AC0F2329367100626376 /* Base */,
			);
			name = Main.storyboard;
			sourceTree = "<group>";
		};
		ADA8AC132329367300626376 /* LaunchScreen.storyboard */ = {
			isa = PBXVariantGroup;
			children = (
				ADA8AC142329367300626376 /* Base */,
			);
			name = LaunchScreen.storyboard;
			sourceTree = "<group>";
		};
/* End PBXVariantGroup section */

/* Begin XCBuildConfiguration section */
		34F04EAB27D65E3900D99D61 /* Debug */ = {
			isa = XCBuildConfiguration;
			buildSettings = {
				CLANG_CXX_LANGUAGE_STANDARD = "gnu++17";
				CODE_SIGN_STYLE = Automatic;
				CURRENT_PROJECT_VERSION = 1;
				DEVELOPMENT_TEAM = 65MTM47636;
				GENERATE_INFOPLIST_FILE = YES;
				IPHONEOS_DEPLOYMENT_TARGET = 15.2;
				MARKETING_VERSION = 1.0;
				PRODUCT_BUNDLE_IDENTIFIER = xyz.plhh.ByteCoinUITests;
				PRODUCT_NAME = "$(TARGET_NAME)";
				SWIFT_EMIT_LOC_STRINGS = NO;
				SWIFT_VERSION = 5.0;
				TARGETED_DEVICE_FAMILY = "1,2";
				TEST_TARGET_NAME = ByteCoin;
			};
			name = Debug;
		};
		34F04EAC27D65E3900D99D61 /* Release */ = {
			isa = XCBuildConfiguration;
			buildSettings = {
				CLANG_CXX_LANGUAGE_STANDARD = "gnu++17";
				CODE_SIGN_STYLE = Automatic;
				CURRENT_PROJECT_VERSION = 1;
				DEVELOPMENT_TEAM = 65MTM47636;
				GENERATE_INFOPLIST_FILE = YES;
				IPHONEOS_DEPLOYMENT_TARGET = 15.2;
				MARKETING_VERSION = 1.0;
				PRODUCT_BUNDLE_IDENTIFIER = xyz.plhh.ByteCoinUITests;
				PRODUCT_NAME = "$(TARGET_NAME)";
				SWIFT_EMIT_LOC_STRINGS = NO;
				SWIFT_VERSION = 5.0;
				TARGETED_DEVICE_FAMILY = "1,2";
				TEST_TARGET_NAME = ByteCoin;
			};
			name = Release;
		};
		ADA8AC172329367300626376 /* Debug */ = {
			isa = XCBuildConfiguration;
			buildSettings = {
				ALWAYS_SEARCH_USER_PATHS = NO;
				CLANG_ANALYZER_NONNULL = YES;
				CLANG_ANALYZER_NUMBER_OBJECT_CONVERSION = YES_AGGRESSIVE;
				CLANG_CXX_LANGUAGE_STANDARD = "gnu++14";
				CLANG_CXX_LIBRARY = "libc++";
				CLANG_ENABLE_MODULES = YES;
				CLANG_ENABLE_OBJC_ARC = YES;
				CLANG_ENABLE_OBJC_WEAK = YES;
				CLANG_WARN_BLOCK_CAPTURE_AUTORELEASING = YES;
				CLANG_WARN_BOOL_CONVERSION = YES;
				CLANG_WARN_COMMA = YES;
				CLANG_WARN_CONSTANT_CONVERSION = YES;
				CLANG_WARN_DEPRECATED_OBJC_IMPLEMENTATIONS = YES;
				CLANG_WARN_DIRECT_OBJC_ISA_USAGE = YES_ERROR;
				CLANG_WARN_DOCUMENTATION_COMMENTS = YES;
				CLANG_WARN_EMPTY_BODY = YES;
				CLANG_WARN_ENUM_CONVERSION = YES;
				CLANG_WARN_INFINITE_RECURSION = YES;
				CLANG_WARN_INT_CONVERSION = YES;
				CLANG_WARN_NON_LITERAL_NULL_CONVERSION = YES;
				CLANG_WARN_OBJC_IMPLICIT_RETAIN_SELF = YES;
				CLANG_WARN_OBJC_LITERAL_CONVERSION = YES;
				CLANG_WARN_OBJC_ROOT_CLASS = YES_ERROR;
				CLANG_WARN_QUOTED_INCLUDE_IN_FRAMEWORK_HEADER = YES;
				CLANG_WARN_RANGE_LOOP_ANALYSIS = YES;
				CLANG_WARN_STRICT_PROTOTYPES = YES;
				CLANG_WARN_SUSPICIOUS_MOVE = YES;
				CLANG_WARN_UNGUARDED_AVAILABILITY = YES_AGGRESSIVE;
				CLANG_WARN_UNREACHABLE_CODE = YES;
				CLANG_WARN__DUPLICATE_METHOD_MATCH = YES;
				COPY_PHASE_STRIP = NO;
				DEBUG_INFORMATION_FORMAT = dwarf;
				ENABLE_STRICT_OBJC_MSGSEND = YES;
				ENABLE_TESTABILITY = YES;
				GCC_C_LANGUAGE_STANDARD = gnu11;
				GCC_DYNAMIC_NO_PIC = NO;
				GCC_NO_COMMON_BLOCKS = YES;
				GCC_OPTIMIZATION_LEVEL = 0;
				GCC_PREPROCESSOR_DEFINITIONS = (
					"DEBUG=1",
					"$(inherited)",
				);
				GCC_WARN_64_TO_32_BIT_CONVERSION = YES;
				GCC_WARN_ABOUT_RETURN_TYPE = YES_ERROR;
				GCC_WARN_UNDECLARED_SELECTOR = YES;
				GCC_WARN_UNINITIALIZED_AUTOS = YES_AGGRESSIVE;
				GCC_WARN_UNUSED_FUNCTION = YES;
				GCC_WARN_UNUSED_VARIABLE = YES;
				IPHONEOS_DEPLOYMENT_TARGET = 13.0;
				MTL_ENABLE_DEBUG_INFO = INCLUDE_SOURCE;
				MTL_FAST_MATH = YES;
				ONLY_ACTIVE_ARCH = YES;
				SDKROOT = iphoneos;
				SWIFT_ACTIVE_COMPILATION_CONDITIONS = DEBUG;
				SWIFT_OPTIMIZATION_LEVEL = "-Onone";
			};
			name = Debug;
		};
		ADA8AC182329367300626376 /* Release */ = {
			isa = XCBuildConfiguration;
			buildSettings = {
				ALWAYS_SEARCH_USER_PATHS = NO;
				CLANG_ANALYZER_NONNULL = YES;
				CLANG_ANALYZER_NUMBER_OBJECT_CONVERSION = YES_AGGRESSIVE;
				CLANG_CXX_LANGUAGE_STANDARD = "gnu++14";
				CLANG_CXX_LIBRARY = "libc++";
				CLANG_ENABLE_MODULES = YES;
				CLANG_ENABLE_OBJC_ARC = YES;
				CLANG_ENABLE_OBJC_WEAK = YES;
				CLANG_WARN_BLOCK_CAPTURE_AUTORELEASING = YES;
				CLANG_WARN_BOOL_CONVERSION = YES;
				CLANG_WARN_COMMA = YES;
				CLANG_WARN_CONSTANT_CONVERSION = YES;
				CLANG_WARN_DEPRECATED_OBJC_IMPLEMENTATIONS = YES;
				CLANG_WARN_DIRECT_OBJC_ISA_USAGE = YES_ERROR;
				CLANG_WARN_DOCUMENTATION_COMMENTS = YES;
				CLANG_WARN_EMPTY_BODY = YES;
				CLANG_WARN_ENUM_CONVERSION = YES;
				CLANG_WARN_INFINITE_RECURSION = YES;
				CLANG_WARN_INT_CONVERSION = YES;
				CLANG_WARN_NON_LITERAL_NULL_CONVERSION = YES;
				CLANG_WARN_OBJC_IMPLICIT_RETAIN_SELF = YES;
				CLANG_WARN_OBJC_LITERAL_CONVERSION = YES;
				CLANG_WARN_OBJC_ROOT_CLASS = YES_ERROR;
				CLANG_WARN_QUOTED_INCLUDE_IN_FRAMEWORK_HEADER = YES;
				CLANG_WARN_RANGE_LOOP_ANALYSIS = YES;
				CLANG_WARN_STRICT_PROTOTYPES = YES;
				CLANG_WARN_SUSPICIOUS_MOVE = YES;
				CLANG_WARN_UNGUARDED_AVAILABILITY = YES_AGGRESSIVE;
				CLANG_WARN_UNREACHABLE_CODE = YES;
				CLANG_WARN__DUPLICATE_METHOD_MATCH = YES;
				COPY_PHASE_STRIP = NO;
				DEBUG_INFORMATION_FORMAT = "dwarf-with-dsym";
				ENABLE_NS_ASSERTIONS = NO;
				ENABLE_STRICT_OBJC_MSGSEND = YES;
				GCC_C_LANGUAGE_STANDARD = gnu11;
				GCC_NO_COMMON_BLOCKS = YES;
				GCC_WARN_64_TO_32_BIT_CONVERSION = YES;
				GCC_WARN_ABOUT_RETURN_TYPE = YES_ERROR;
				GCC_WARN_UNDECLARED_SELECTOR = YES;
				GCC_WARN_UNINITIALIZED_AUTOS = YES_AGGRESSIVE;
				GCC_WARN_UNUSED_FUNCTION = YES;
				GCC_WARN_UNUSED_VARIABLE = YES;
				IPHONEOS_DEPLOYMENT_TARGET = 13.0;
				MTL_ENABLE_DEBUG_INFO = NO;
				MTL_FAST_MATH = YES;
				SDKROOT = iphoneos;
				SWIFT_COMPILATION_MODE = wholemodule;
				SWIFT_OPTIMIZATION_LEVEL = "-O";
				VALIDATE_PRODUCT = YES;
			};
			name = Release;
		};
		ADA8AC1A2329367300626376 /* Debug */ = {
			isa = XCBuildConfiguration;
			buildSettings = {
				ASSETCATALOG_COMPILER_APPICON_NAME = AppIcon;
				CODE_SIGN_STYLE = Automatic;
				CURRENT_PROJECT_VERSION = 3;
				DEVELOPMENT_TEAM = 65MTM47636;
				INFOPLIST_FILE = ByteCoin/Info.plist;
				LD_RUNPATH_SEARCH_PATHS = (
					"$(inherited)",
					"@executable_path/Frameworks",
				);
				MARKETING_VERSION = 1.1;
				PRODUCT_BUNDLE_IDENTIFIER = xyz.plhh.ByteCoin;
				PRODUCT_NAME = "$(TARGET_NAME)";
				SWIFT_VERSION = 5.0;
				TARGETED_DEVICE_FAMILY = 1;
			};
			name = Debug;
		};
		ADA8AC1B2329367300626376 /* Release */ = {
			isa = XCBuildConfiguration;
			buildSettings = {
				ASSETCATALOG_COMPILER_APPICON_NAME = AppIcon;
				CODE_SIGN_STYLE = Automatic;
				CURRENT_PROJECT_VERSION = 3;
				DEVELOPMENT_TEAM = 65MTM47636;
				INFOPLIST_FILE = ByteCoin/Info.plist;
				LD_RUNPATH_SEARCH_PATHS = (
					"$(inherited)",
					"@executable_path/Frameworks",
				);
				MARKETING_VERSION = 1.1;
				PRODUCT_BUNDLE_IDENTIFIER = xyz.plhh.ByteCoin;
				PRODUCT_NAME = "$(TARGET_NAME)";
				SWIFT_VERSION = 5.0;
				TARGETED_DEVICE_FAMILY = 1;
			};
			name = Release;
		};
/* End XCBuildConfiguration section */

/* Begin XCConfigurationList section */
		34F04EAD27D65E3900D99D61 /* Build configuration list for PBXNativeTarget "ByteCoinUITests" */ = {
			isa = XCConfigurationList;
			buildConfigurations = (
				34F04EAB27D65E3900D99D61 /* Debug */,
				34F04EAC27D65E3900D99D61 /* Release */,
			);
			defaultConfigurationIsVisible = 0;
			defaultConfigurationName = Release;
		};
		ADA8AC002329367100626376 /* Build configuration list for PBXProject "ByteCoin" */ = {
			isa = XCConfigurationList;
			buildConfigurations = (
				ADA8AC172329367300626376 /* Debug */,
				ADA8AC182329367300626376 /* Release */,
			);
			defaultConfigurationIsVisible = 0;
			defaultConfigurationName = Release;
		};
		ADA8AC192329367300626376 /* Build configuration list for PBXNativeTarget "ByteCoin" */ = {
			isa = XCConfigurationList;
			buildConfigurations = (
				ADA8AC1A2329367300626376 /* Debug */,
				ADA8AC1B2329367300626376 /* Release */,
			);
			defaultConfigurationIsVisible = 0;
			defaultConfigurationName = Release;
		};
/* End XCConfigurationList section */
	};
	rootObject = ADA8ABFD2329367100626376 /* Project object */;
}
